// !$*UTF8*$!
{
	archiveVersion = 1;
	classes = {
	};
	objectVersion = 50;
	objects = {

/* Begin PBXBuildFile section */
		7C101F73286400CA003B621D /* FeaturedArticleTopView.swift in Sources */ = {isa = PBXBuildFile; fileRef = 7C101F72286400CA003B621D /* FeaturedArticleTopView.swift */; };
		7C101F7528640A93003B621D /* FeaturedArticleCardView.swift in Sources */ = {isa = PBXBuildFile; fileRef = 7C101F7428640A93003B621D /* FeaturedArticleCardView.swift */; };
		7C22ED1B26472D95003D8014 /* ArticleDetailView.swift in Sources */ = {isa = PBXBuildFile; fileRef = 7C22ED1A26472D95003D8014 /* ArticleDetailView.swift */; };
		7C40C2F227E3064E0045A79E /* EventScrollView.swift in Sources */ = {isa = PBXBuildFile; fileRef = 7C40C2F127E3064E0045A79E /* EventScrollView.swift */; };
		7C575BBC27B0E99400C5BC11 /* ArticleCardViewBasic.swift in Sources */ = {isa = PBXBuildFile; fileRef = 7C575BBB27B0E99400C5BC11 /* ArticleCardViewBasic.swift */; };
		7CA260EA263CA11E00494776 /* AppDelegate.swift in Sources */ = {isa = PBXBuildFile; fileRef = 7CA260E9263CA11E00494776 /* AppDelegate.swift */; };
		7CA260EC263CA11E00494776 /* SceneDelegate.swift in Sources */ = {isa = PBXBuildFile; fileRef = 7CA260EB263CA11E00494776 /* SceneDelegate.swift */; };
		7CA260EE263CA11E00494776 /* ContentView.swift in Sources */ = {isa = PBXBuildFile; fileRef = 7CA260ED263CA11E00494776 /* ContentView.swift */; };
		7CA260F0263CA11F00494776 /* Assets.xcassets in Resources */ = {isa = PBXBuildFile; fileRef = 7CA260EF263CA11F00494776 /* Assets.xcassets */; };
		7CA260F3263CA11F00494776 /* Preview Assets.xcassets in Resources */ = {isa = PBXBuildFile; fileRef = 7CA260F2263CA11F00494776 /* Preview Assets.xcassets */; };
		7CA260F6263CA11F00494776 /* LaunchScreen.storyboard in Resources */ = {isa = PBXBuildFile; fileRef = 7CA260F4263CA11F00494776 /* LaunchScreen.storyboard */; };
		7CDBED06271095D300ADE785 /* FeedCell .swift in Sources */ = {isa = PBXBuildFile; fileRef = 7CDBED05271095D300ADE785 /* FeedCell .swift */; };
		7CDBED082711528600ADE785 /* HomeListArticleView.swift in Sources */ = {isa = PBXBuildFile; fileRef = 7CDBED072711528600ADE785 /* HomeListArticleView.swift */; };
		7CDBED0A2711549600ADE785 /* EventMapView.swift in Sources */ = {isa = PBXBuildFile; fileRef = 7CDBED092711549600ADE785 /* EventMapView.swift */; };
		7CDBED0C2711596F00ADE785 /* HomeArticleCell.swift in Sources */ = {isa = PBXBuildFile; fileRef = 7CDBED0B2711596F00ADE785 /* HomeArticleCell.swift */; };
		7CDBED102712559800ADE785 /* CategoryPageView.swift in Sources */ = {isa = PBXBuildFile; fileRef = 7CDBED0F2712559800ADE785 /* CategoryPageView.swift */; };
		7CDBED1227125B8D00ADE785 /* TopHeaderView.swift in Sources */ = {isa = PBXBuildFile; fileRef = 7CDBED1127125B8D00ADE785 /* TopHeaderView.swift */; };
		7CDBED142712A17E00ADE785 /* SectionBarView.swift in Sources */ = {isa = PBXBuildFile; fileRef = 7CDBED132712A17E00ADE785 /* SectionBarView.swift */; };
		7CDBED162712B0E200ADE785 /* ArticleListView.swift in Sources */ = {isa = PBXBuildFile; fileRef = 7CDBED152712B0E200ADE785 /* ArticleListView.swift */; };
		7CDBED182712B69800ADE785 /* ShopView.swift in Sources */ = {isa = PBXBuildFile; fileRef = 7CDBED172712B69800ADE785 /* ShopView.swift */; };
		7CF623C8263E58BD007CE865 /* Article .swift in Sources */ = {isa = PBXBuildFile; fileRef = 7CF623C7263E58BD007CE865 /* Article .swift */; };
/* End PBXBuildFile section */

/* Begin PBXFileReference section */
		7C101F72286400CA003B621D /* FeaturedArticleTopView.swift */ = {isa = PBXFileReference; lastKnownFileType = sourcecode.swift; path = FeaturedArticleTopView.swift; sourceTree = "<group>"; };
		7C101F7428640A93003B621D /* FeaturedArticleCardView.swift */ = {isa = PBXFileReference; lastKnownFileType = sourcecode.swift; path = FeaturedArticleCardView.swift; sourceTree = "<group>"; };
		7C22ED1A26472D95003D8014 /* ArticleDetailView.swift */ = {isa = PBXFileReference; lastKnownFileType = sourcecode.swift; path = ArticleDetailView.swift; sourceTree = "<group>"; };
		7C40C2F127E3064E0045A79E /* EventScrollView.swift */ = {isa = PBXFileReference; lastKnownFileType = sourcecode.swift; path = EventScrollView.swift; sourceTree = "<group>"; };
		7C575BBB27B0E99400C5BC11 /* ArticleCardViewBasic.swift */ = {isa = PBXFileReference; lastKnownFileType = sourcecode.swift; path = ArticleCardViewBasic.swift; sourceTree = "<group>"; };
		7CA260E6263CA11E00494776 /* Noos2.app */ = {isa = PBXFileReference; explicitFileType = wrapper.application; includeInIndex = 0; path = Noos2.app; sourceTree = BUILT_PRODUCTS_DIR; };
		7CA260E9263CA11E00494776 /* AppDelegate.swift */ = {isa = PBXFileReference; lastKnownFileType = sourcecode.swift; path = AppDelegate.swift; sourceTree = "<group>"; };
		7CA260EB263CA11E00494776 /* SceneDelegate.swift */ = {isa = PBXFileReference; lastKnownFileType = sourcecode.swift; path = SceneDelegate.swift; sourceTree = "<group>"; };
		7CA260ED263CA11E00494776 /* ContentView.swift */ = {isa = PBXFileReference; lastKnownFileType = sourcecode.swift; path = ContentView.swift; sourceTree = "<group>"; };
		7CA260EF263CA11F00494776 /* Assets.xcassets */ = {isa = PBXFileReference; lastKnownFileType = folder.assetcatalog; path = Assets.xcassets; sourceTree = "<group>"; };
		7CA260F2263CA11F00494776 /* Preview Assets.xcassets */ = {isa = PBXFileReference; lastKnownFileType = folder.assetcatalog; path = "Preview Assets.xcassets"; sourceTree = "<group>"; };
		7CA260F5263CA11F00494776 /* Base */ = {isa = PBXFileReference; lastKnownFileType = file.storyboard; name = Base; path = Base.lproj/LaunchScreen.storyboard; sourceTree = "<group>"; };
		7CA260F7263CA11F00494776 /* Info.plist */ = {isa = PBXFileReference; lastKnownFileType = text.plist.xml; path = Info.plist; sourceTree = "<group>"; };
		7CDBED05271095D300ADE785 /* FeedCell .swift */ = {isa = PBXFileReference; lastKnownFileType = sourcecode.swift; path = "FeedCell .swift"; sourceTree = "<group>"; };
		7CDBED072711528600ADE785 /* HomeListArticleView.swift */ = {isa = PBXFileReference; lastKnownFileType = sourcecode.swift; path = HomeListArticleView.swift; sourceTree = "<group>"; };
		7CDBED092711549600ADE785 /* EventMapView.swift */ = {isa = PBXFileReference; lastKnownFileType = sourcecode.swift; path = EventMapView.swift; sourceTree = "<group>"; };
		7CDBED0B2711596F00ADE785 /* HomeArticleCell.swift */ = {isa = PBXFileReference; lastKnownFileType = sourcecode.swift; path = HomeArticleCell.swift; sourceTree = "<group>"; };
		7CDBED0F2712559800ADE785 /* CategoryPageView.swift */ = {isa = PBXFileReference; lastKnownFileType = sourcecode.swift; path = CategoryPageView.swift; sourceTree = "<group>"; };
		7CDBED1127125B8D00ADE785 /* TopHeaderView.swift */ = {isa = PBXFileReference; lastKnownFileType = sourcecode.swift; path = TopHeaderView.swift; sourceTree = "<group>"; };
		7CDBED132712A17E00ADE785 /* SectionBarView.swift */ = {isa = PBXFileReference; lastKnownFileType = sourcecode.swift; path = SectionBarView.swift; sourceTree = "<group>"; };
		7CDBED152712B0E200ADE785 /* ArticleListView.swift */ = {isa = PBXFileReference; lastKnownFileType = sourcecode.swift; path = ArticleListView.swift; sourceTree = "<group>"; };
		7CDBED172712B69800ADE785 /* ShopView.swift */ = {isa = PBXFileReference; lastKnownFileType = sourcecode.swift; path = ShopView.swift; sourceTree = "<group>"; };
		7CF623C7263E58BD007CE865 /* Article .swift */ = {isa = PBXFileReference; lastKnownFileType = sourcecode.swift; path = "Article .swift"; sourceTree = "<group>"; };
/* End PBXFileReference section */

/* Begin PBXFrameworksBuildPhase section */
		7CA260E3263CA11E00494776 /* Frameworks */ = {
			isa = PBXFrameworksBuildPhase;
			buildActionMask = 2147483647;
			files = (
			);
			runOnlyForDeploymentPostprocessing = 0;
		};
/* End PBXFrameworksBuildPhase section */

/* Begin PBXGroup section */
		7C0615F3264C62DD0068076D /* Views */ = {
			isa = PBXGroup;
			children = (
				7CA260ED263CA11E00494776 /* ContentView.swift */,
				7CDBED072711528600ADE785 /* HomeListArticleView.swift */,
				7C575BBB27B0E99400C5BC11 /* ArticleCardViewBasic.swift */,
				7CDBED152712B0E200ADE785 /* ArticleListView.swift */,
				7CDBED132712A17E00ADE785 /* SectionBarView.swift */,
				7C101F72286400CA003B621D /* FeaturedArticleTopView.swift */,
				7C101F7428640A93003B621D /* FeaturedArticleCardView.swift */,
				7CDBED0F2712559800ADE785 /* CategoryPageView.swift */,
				7CDBED092711549600ADE785 /* EventMapView.swift */,
				7CDBED172712B69800ADE785 /* ShopView.swift */,
				7CDBED1127125B8D00ADE785 /* TopHeaderView.swift */,
				7CDBED0B2711596F00ADE785 /* HomeArticleCell.swift */,
				7C22ED1A26472D95003D8014 /* ArticleDetailView.swift */,
				7CDBED05271095D300ADE785 /* FeedCell .swift */,
			);
			path = Views;
			sourceTree = "<group>";
		};
		7C40C2F027E305B30045A79E /* New Group */ = {
			isa = PBXGroup;
			children = (
				7C40C2F127E3064E0045A79E /* EventScrollView.swift */,
			);
			path = "New Group";
			sourceTree = "<group>";
		};
		7CA260DD263CA11E00494776 = {
			isa = PBXGroup;
			children = (
				7CA260E8263CA11E00494776 /* Noos2 */,
				7CA260E7263CA11E00494776 /* Products */,
			);
			sourceTree = "<group>";
		};
		7CA260E7263CA11E00494776 /* Products */ = {
			isa = PBXGroup;
			children = (
				7CA260E6263CA11E00494776 /* Noos2.app */,
			);
			name = Products;
			sourceTree = "<group>";
		};
		7CA260E8263CA11E00494776 /* Noos2 */ = {
			isa = PBXGroup;
			children = (
				7CA260E9263CA11E00494776 /* AppDelegate.swift */,
				7CA260EB263CA11E00494776 /* SceneDelegate.swift */,
				7CF623C9263E5913007CE865 /* Model */,
				7C0615F3264C62DD0068076D /* Views */,
				7C40C2F027E305B30045A79E /* New Group */,
				7CA260EF263CA11F00494776 /* Assets.xcassets */,
				7CA260F4263CA11F00494776 /* LaunchScreen.storyboard */,
				7CA260F7263CA11F00494776 /* Info.plist */,
				7CA260F1263CA11F00494776 /* Preview Content */,
			);
			path = Noos2;
			sourceTree = "<group>";
		};
		7CA260F1263CA11F00494776 /* Preview Content */ = {
			isa = PBXGroup;
			children = (
				7CA260F2263CA11F00494776 /* Preview Assets.xcassets */,
			);
			path = "Preview Content";
			sourceTree = "<group>";
		};
		7CF623C9263E5913007CE865 /* Model */ = {
			isa = PBXGroup;
			children = (
				7CF623C7263E58BD007CE865 /* Article .swift */,
			);
			path = Model;
			sourceTree = "<group>";
		};
/* End PBXGroup section */

/* Begin PBXNativeTarget section */
		7CA260E5263CA11E00494776 /* Noos2 */ = {
			isa = PBXNativeTarget;
			buildConfigurationList = 7CA260FA263CA11F00494776 /* Build configuration list for PBXNativeTarget "Noos2" */;
			buildPhases = (
				7CA260E2263CA11E00494776 /* Sources */,
				7CA260E3263CA11E00494776 /* Frameworks */,
				7CA260E4263CA11E00494776 /* Resources */,
			);
			buildRules = (
			);
			dependencies = (
			);
			name = Noos2;
			productName = Noos2;
			productReference = 7CA260E6263CA11E00494776 /* Noos2.app */;
			productType = "com.apple.product-type.application";
		};
/* End PBXNativeTarget section */

/* Begin PBXProject section */
		7CA260DE263CA11E00494776 /* Project object */ = {
			isa = PBXProject;
			attributes = {
				LastSwiftUpdateCheck = 1250;
				LastUpgradeCheck = 1250;
				TargetAttributes = {
					7CA260E5263CA11E00494776 = {
						CreatedOnToolsVersion = 12.5;
					};
				};
			};
			buildConfigurationList = 7CA260E1263CA11E00494776 /* Build configuration list for PBXProject "Noos2" */;
			compatibilityVersion = "Xcode 9.3";
			developmentRegion = en;
			hasScannedForEncodings = 0;
			knownRegions = (
				en,
				Base,
			);
			mainGroup = 7CA260DD263CA11E00494776;
			productRefGroup = 7CA260E7263CA11E00494776 /* Products */;
			projectDirPath = "";
			projectRoot = "";
			targets = (
				7CA260E5263CA11E00494776 /* Noos2 */,
			);
		};
/* End PBXProject section */

/* Begin PBXResourcesBuildPhase section */
		7CA260E4263CA11E00494776 /* Resources */ = {
			isa = PBXResourcesBuildPhase;
			buildActionMask = 2147483647;
			files = (
				7CA260F6263CA11F00494776 /* LaunchScreen.storyboard in Resources */,
				7CA260F3263CA11F00494776 /* Preview Assets.xcassets in Resources */,
				7CA260F0263CA11F00494776 /* Assets.xcassets in Resources */,
			);
			runOnlyForDeploymentPostprocessing = 0;
		};
/* End PBXResourcesBuildPhase section */

/* Begin PBXSourcesBuildPhase section */
		7CA260E2263CA11E00494776 /* Sources */ = {
			isa = PBXSourcesBuildPhase;
			buildActionMask = 2147483647;
			files = (
				7CDBED142712A17E00ADE785 /* SectionBarView.swift in Sources */,
				7CDBED0A2711549600ADE785 /* EventMapView.swift in Sources */,
				7CDBED182712B69800ADE785 /* ShopView.swift in Sources */,
				7CDBED082711528600ADE785 /* HomeListArticleView.swift in Sources */,
				7CDBED06271095D300ADE785 /* FeedCell .swift in Sources */,
				7CA260EA263CA11E00494776 /* AppDelegate.swift in Sources */,
				7CDBED162712B0E200ADE785 /* ArticleListView.swift in Sources */,
				7CDBED0C2711596F00ADE785 /* HomeArticleCell.swift in Sources */,
				7C101F73286400CA003B621D /* FeaturedArticleTopView.swift in Sources */,
				7C101F7528640A93003B621D /* FeaturedArticleCardView.swift in Sources */,
				7C575BBC27B0E99400C5BC11 /* ArticleCardViewBasic.swift in Sources */,
				7CF623C8263E58BD007CE865 /* Article .swift in Sources */,
				7CA260EC263CA11E00494776 /* SceneDelegate.swift in Sources */,
				7CDBED102712559800ADE785 /* CategoryPageView.swift in Sources */,
				7C40C2F227E3064E0045A79E /* EventScrollView.swift in Sources */,
				7CDBED1227125B8D00ADE785 /* TopHeaderView.swift in Sources */,
				7C22ED1B26472D95003D8014 /* ArticleDetailView.swift in Sources */,
				7CA260EE263CA11E00494776 /* ContentView.swift in Sources */,
			);
			runOnlyForDeploymentPostprocessing = 0;
		};
/* End PBXSourcesBuildPhase section */

/* Begin PBXVariantGroup section */
		7CA260F4263CA11F00494776 /* LaunchScreen.storyboard */ = {
			isa = PBXVariantGroup;
			children = (
				7CA260F5263CA11F00494776 /* Base */,
			);
			name = LaunchScreen.storyboard;
			sourceTree = "<group>";
		};
/* End PBXVariantGroup section */

/* Begin XCBuildConfiguration section */
		7CA260F8263CA11F00494776 /* Debug */ = {
			isa = XCBuildConfiguration;
			buildSettings = {
				ALWAYS_SEARCH_USER_PATHS = NO;
				CLANG_ANALYZER_NONNULL = YES;
				CLANG_ANALYZER_NUMBER_OBJECT_CONVERSION = YES_AGGRESSIVE;
				CLANG_CXX_LANGUAGE_STANDARD = "gnu++14";
				CLANG_CXX_LIBRARY = "libc++";
				CLANG_ENABLE_MODULES = YES;
				CLANG_ENABLE_OBJC_ARC = YES;
				CLANG_ENABLE_OBJC_WEAK = YES;
				CLANG_WARN_BLOCK_CAPTURE_AUTORELEASING = YES;
				CLANG_WARN_BOOL_CONVERSION = YES;
				CLANG_WARN_COMMA = YES;
				CLANG_WARN_CONSTANT_CONVERSION = YES;
				CLANG_WARN_DEPRECATED_OBJC_IMPLEMENTATIONS = YES;
				CLANG_WARN_DIRECT_OBJC_ISA_USAGE = YES_ERROR;
				CLANG_WARN_DOCUMENTATION_COMMENTS = YES;
				CLANG_WARN_EMPTY_BODY = YES;
				CLANG_WARN_ENUM_CONVERSION = YES;
				CLANG_WARN_INFINITE_RECURSION = YES;
				CLANG_WARN_INT_CONVERSION = YES;
				CLANG_WARN_NON_LITERAL_NULL_CONVERSION = YES;
				CLANG_WARN_OBJC_IMPLICIT_RETAIN_SELF = YES;
				CLANG_WARN_OBJC_LITERAL_CONVERSION = YES;
				CLANG_WARN_OBJC_ROOT_CLASS = YES_ERROR;
				CLANG_WARN_QUOTED_INCLUDE_IN_FRAMEWORK_HEADER = YES;
				CLANG_WARN_RANGE_LOOP_ANALYSIS = YES;
				CLANG_WARN_STRICT_PROTOTYPES = YES;
				CLANG_WARN_SUSPICIOUS_MOVE = YES;
				CLANG_WARN_UNGUARDED_AVAILABILITY = YES_AGGRESSIVE;
				CLANG_WARN_UNREACHABLE_CODE = YES;
				CLANG_WARN__DUPLICATE_METHOD_MATCH = YES;
				COPY_PHASE_STRIP = NO;
				DEBUG_INFORMATION_FORMAT = dwarf;
				ENABLE_STRICT_OBJC_MSGSEND = YES;
				ENABLE_TESTABILITY = YES;
				GCC_C_LANGUAGE_STANDARD = gnu11;
				GCC_DYNAMIC_NO_PIC = NO;
				GCC_NO_COMMON_BLOCKS = YES;
				GCC_OPTIMIZATION_LEVEL = 0;
				GCC_PREPROCESSOR_DEFINITIONS = (
					"DEBUG=1",
					"$(inherited)",
				);
				GCC_WARN_64_TO_32_BIT_CONVERSION = YES;
				GCC_WARN_ABOUT_RETURN_TYPE = YES_ERROR;
				GCC_WARN_UNDECLARED_SELECTOR = YES;
				GCC_WARN_UNINITIALIZED_AUTOS = YES_AGGRESSIVE;
				GCC_WARN_UNUSED_FUNCTION = YES;
				GCC_WARN_UNUSED_VARIABLE = YES;
				IPHONEOS_DEPLOYMENT_TARGET = 14.7;
				MTL_ENABLE_DEBUG_INFO = INCLUDE_SOURCE;
				MTL_FAST_MATH = YES;
				ONLY_ACTIVE_ARCH = YES;
				SDKROOT = iphoneos;
				SWIFT_ACTIVE_COMPILATION_CONDITIONS = DEBUG;
				SWIFT_OPTIMIZATION_LEVEL = "-Onone";
			};
			name = Debug;
		};
		7CA260F9263CA11F00494776 /* Release */ = {
			isa = XCBuildConfiguration;
			buildSettings = {
				ALWAYS_SEARCH_USER_PATHS = NO;
				CLANG_ANALYZER_NONNULL = YES;
				CLANG_ANALYZER_NUMBER_OBJECT_CONVERSION = YES_AGGRESSIVE;
				CLANG_CXX_LANGUAGE_STANDARD = "gnu++14";
				CLANG_CXX_LIBRARY = "libc++";
				CLANG_ENABLE_MODULES = YES;
				CLANG_ENABLE_OBJC_ARC = YES;
				CLANG_ENABLE_OBJC_WEAK = YES;
				CLANG_WARN_BLOCK_CAPTURE_AUTORELEASING = YES;
				CLANG_WARN_BOOL_CONVERSION = YES;
				CLANG_WARN_COMMA = YES;
				CLANG_WARN_CONSTANT_CONVERSION = YES;
				CLANG_WARN_DEPRECATED_OBJC_IMPLEMENTATIONS = YES;
				CLANG_WARN_DIRECT_OBJC_ISA_USAGE = YES_ERROR;
				CLANG_WARN_DOCUMENTATION_COMMENTS = YES;
				CLANG_WARN_EMPTY_BODY = YES;
				CLANG_WARN_ENUM_CONVERSION = YES;
				CLANG_WARN_INFINITE_RECURSION = YES;
				CLANG_WARN_INT_CONVERSION = YES;
				CLANG_WARN_NON_LITERAL_NULL_CONVERSION = YES;
				CLANG_WARN_OBJC_IMPLICIT_RETAIN_SELF = YES;
				CLANG_WARN_OBJC_LITERAL_CONVERSION = YES;
				CLANG_WARN_OBJC_ROOT_CLASS = YES_ERROR;
				CLANG_WARN_QUOTED_INCLUDE_IN_FRAMEWORK_HEADER = YES;
				CLANG_WARN_RANGE_LOOP_ANALYSIS = YES;
				CLANG_WARN_STRICT_PROTOTYPES = YES;
				CLANG_WARN_SUSPICIOUS_MOVE = YES;
				CLANG_WARN_UNGUARDED_AVAILABILITY = YES_AGGRESSIVE;
				CLANG_WARN_UNREACHABLE_CODE = YES;
				CLANG_WARN__DUPLICATE_METHOD_MATCH = YES;
				COPY_PHASE_STRIP = NO;
				DEBUG_INFORMATION_FORMAT = "dwarf-with-dsym";
				ENABLE_NS_ASSERTIONS = NO;
				ENABLE_STRICT_OBJC_MSGSEND = YES;
				GCC_C_LANGUAGE_STANDARD = gnu11;
				GCC_NO_COMMON_BLOCKS = YES;
				GCC_WARN_64_TO_32_BIT_CONVERSION = YES;
				GCC_WARN_ABOUT_RETURN_TYPE = YES_ERROR;
				GCC_WARN_UNDECLARED_SELECTOR = YES;
				GCC_WARN_UNINITIALIZED_AUTOS = YES_AGGRESSIVE;
				GCC_WARN_UNUSED_FUNCTION = YES;
				GCC_WARN_UNUSED_VARIABLE = YES;
				IPHONEOS_DEPLOYMENT_TARGET = 14.7;
				MTL_ENABLE_DEBUG_INFO = NO;
				MTL_FAST_MATH = YES;
				SDKROOT = iphoneos;
				SWIFT_COMPILATION_MODE = wholemodule;
				SWIFT_OPTIMIZATION_LEVEL = "-O";
				VALIDATE_PRODUCT = YES;
			};
			name = Release;
		};
		7CA260FB263CA11F00494776 /* Debug */ = {
			isa = XCBuildConfiguration;
			buildSettings = {
				ASSETCATALOG_COMPILER_APPICON_NAME = AppIcon;
				ASSETCATALOG_COMPILER_GLOBAL_ACCENT_COLOR_NAME = AccentColor;
				CODE_SIGN_STYLE = Automatic;
				DEVELOPMENT_ASSET_PATHS = "\"Noos2/Preview Content\"";
				DEVELOPMENT_TEAM = 2S8MH4C36K;
				ENABLE_PREVIEWS = YES;
				INFOPLIST_FILE = Noos2/Info.plist;
				LD_RUNPATH_SEARCH_PATHS = (
					"$(inherited)",
					"@executable_path/Frameworks",
				);
				PRODUCT_BUNDLE_IDENTIFIER = B.Noos2.1;
				PRODUCT_NAME = "$(TARGET_NAME)";
				SWIFT_VERSION = 5.0;
				TARGETED_DEVICE_FAMILY = "1,2";
			};
			name = Debug;
		};
		7CA260FC263CA11F00494776 /* Release */ = {
			isa = XCBuildConfiguration;
			buildSettings = {
				ASSETCATALOG_COMPILER_APPICON_NAME = AppIcon;
				ASSETCATALOG_COMPILER_GLOBAL_ACCENT_COLOR_NAME = AccentColor;
				CODE_SIGN_STYLE = Automatic;
				DEVELOPMENT_ASSET_PATHS = "\"Noos2/Preview Content\"";
				DEVELOPMENT_TEAM = 2S8MH4C36K;
				ENABLE_PREVIEWS = YES;
				INFOPLIST_FILE = Noos2/Info.plist;
				LD_RUNPATH_SEARCH_PATHS = (
					"$(inherited)",
					"@executable_path/Frameworks",
				);
				PRODUCT_BUNDLE_IDENTIFIER = B.Noos2.1;
				PRODUCT_NAME = "$(TARGET_NAME)";
				SWIFT_VERSION = 5.0;
				TARGETED_DEVICE_FAMILY = "1,2";
			};
			name = Release;
		};
/* End XCBuildConfiguration section */

/* Begin XCConfigurationList section */
		7CA260E1263CA11E00494776 /* Build configuration list for PBXProject "Noos2" */ = {
			isa = XCConfigurationList;
			buildConfigurations = (
				7CA260F8263CA11F00494776 /* Debug */,
				7CA260F9263CA11F00494776 /* Release */,
			);
			defaultConfigurationIsVisible = 0;
			defaultConfigurationName = Release;
		};
		7CA260FA263CA11F00494776 /* Build configuration list for PBXNativeTarget "Noos2" */ = {
			isa = XCConfigurationList;
			buildConfigurations = (
				7CA260FB263CA11F00494776 /* Debug */,
				7CA260FC263CA11F00494776 /* Release */,
			);
			defaultConfigurationIsVisible = 0;
			defaultConfigurationName = Release;
		};
/* End XCConfigurationList section */
	};
	rootObject = 7CA260DE263CA11E00494776 /* Project object */;
}
